
Microsoft Visual Studio Solution File, Format Version 12.00
# Visual Studio 15
VisualStudioVersion = 15.0.27703.2026
MinimumVisualStudioVersion = 10.0.40219.1
Project("{FAE04EC0-301F-11D3-BF4B-00C04F79EFBC}") = "App01_ConsultarCEP.Android", "App01_ConsultarCEP\App01_ConsultarCEP.Android\App01_ConsultarCEP.Android.csproj", "{37AF4C23-4BFC-4EC4-9ED0-4EFEF47775CC}"
EndProject
Project("{FAE04EC0-301F-11D3-BF4B-00C04F79EFBC}") = "App01_ConsultarCEP.iOS", "App01_ConsultarCEP\App01_ConsultarCEP.iOS\App01_ConsultarCEP.iOS.csproj", "{5B8F2E76-1D48-4FCA-A741-A499DE6D7185}"
EndProject
Project("{FAE04EC0-301F-11D3-BF4B-00C04F79EFBC}") = "App01_ConsultarCEP.UWP", "App01_ConsultarCEP\App01_ConsultarCEP.UWP\App01_ConsultarCEP.UWP.csproj", "{AA2F5A46-5797-4C42-9F29-98D93F894336}"
EndProject
Project("{9A19103F-16F7-4668-BE54-9A1E7A4F7556}") = "App01_ConsultarCEP", "App01_ConsultarCEP\App01_ConsultarCEP\App01_ConsultarCEP.csproj", "{0A93B793-A862-4A41-A1F1-A12514813D61}"
EndProject
Global
	GlobalSection(SolutionConfigurationPlatforms) = preSolution
		Ad-Hoc|Any CPU = Ad-Hoc|Any CPU
		Ad-Hoc|ARM = Ad-Hoc|ARM
		Ad-Hoc|iPhone = Ad-Hoc|iPhone
		Ad-Hoc|iPhoneSimulator = Ad-Hoc|iPhoneSimulator
		Ad-Hoc|x64 = Ad-Hoc|x64
		Ad-Hoc|x86 = Ad-Hoc|x86
		AppStore|Any CPU = AppStore|Any CPU
		AppStore|ARM = AppStore|ARM
		AppStore|iPhone = AppStore|iPhone
		AppStore|iPhoneSimulator = AppStore|iPhoneSimulator
		AppStore|x64 = AppStore|x64
		AppStore|x86 = AppStore|x86
		Debug|Any CPU = Debug|Any CPU
		Debug|ARM = Debug|ARM
		Debug|iPhone = Debug|iPhone
		Debug|iPhoneSimulator = Debug|iPhoneSimulator
		Debug|x64 = Debug|x64
		Debug|x86 = Debug|x86
		Release|Any CPU = Release|Any CPU
		Release|ARM = Release|ARM
		Release|iPhone = Release|iPhone
		Release|iPhoneSimulator = Release|iPhoneSimulator
		Release|x64 = Release|x64
		Release|x86 = Release|x86
	EndGlobalSection
	GlobalSection(ProjectConfigurationPlatforms) = postSolution
		{37AF4C23-4BFC-4EC4-9ED0-4EFEF47775CC}.Ad-Hoc|Any CPU.ActiveCfg = Release|Any CPU
		{37AF4C23-4BFC-4EC4-9ED0-4EFEF47775CC}.Ad-Hoc|Any CPU.Build.0 = Release|Any CPU
		{37AF4C23-4BFC-4EC4-9ED0-4EFEF47775CC}.Ad-Hoc|Any CPU.Deploy.0 = Release|Any CPU
		{37AF4C23-4BFC-4EC4-9ED0-4EFEF47775CC}.Ad-Hoc|ARM.ActiveCfg = Release|Any CPU
		{37AF4C23-4BFC-4EC4-9ED0-4EFEF47775CC}.Ad-Hoc|ARM.Build.0 = Release|Any CPU
		{37AF4C23-4BFC-4EC4-9ED0-4EFEF47775CC}.Ad-Hoc|ARM.Deploy.0 = Release|Any CPU
		{37AF4C23-4BFC-4EC4-9ED0-4EFEF47775CC}.Ad-Hoc|iPhone.ActiveCfg = Release|Any CPU
		{37AF4C23-4BFC-4EC4-9ED0-4EFEF47775CC}.Ad-Hoc|iPhone.Build.0 = Release|Any CPU
		{37AF4C23-4BFC-4EC4-9ED0-4EFEF47775CC}.Ad-Hoc|iPhone.Deploy.0 = Release|Any CPU
		{37AF4C23-4BFC-4EC4-9ED0-4EFEF47775CC}.Ad-Hoc|iPhoneSimulator.ActiveCfg = Release|Any CPU
		{37AF4C23-4BFC-4EC4-9ED0-4EFEF47775CC}.Ad-Hoc|iPhoneSimulator.Build.0 = Release|Any CPU
		{37AF4C23-4BFC-4EC4-9ED0-4EFEF47775CC}.Ad-Hoc|iPhoneSimulator.Deploy.0 = Release|Any CPU
		{37AF4C23-4BFC-4EC4-9ED0-4EFEF47775CC}.Ad-Hoc|x64.ActiveCfg = Release|Any CPU
		{37AF4C23-4BFC-4EC4-9ED0-4EFEF47775CC}.Ad-Hoc|x64.Build.0 = Release|Any CPU
		{37AF4C23-4BFC-4EC4-9ED0-4EFEF47775CC}.Ad-Hoc|x64.Deploy.0 = Release|Any CPU
		{37AF4C23-4BFC-4EC4-9ED0-4EFEF47775CC}.Ad-Hoc|x86.ActiveCfg = Release|Any CPU
		{37AF4C23-4BFC-4EC4-9ED0-4EFEF47775CC}.Ad-Hoc|x86.Build.0 = Release|Any CPU
		{37AF4C23-4BFC-4EC4-9ED0-4EFEF47775CC}.Ad-Hoc|x86.Deploy.0 = Release|Any CPU
		{37AF4C23-4BFC-4EC4-9ED0-4EFEF47775CC}.AppStore|Any CPU.ActiveCfg = Release|Any CPU
		{37AF4C23-4BFC-4EC4-9ED0-4EFEF47775CC}.AppStore|Any CPU.Build.0 = Release|Any CPU
		{37AF4C23-4BFC-4EC4-9ED0-4EFEF47775CC}.AppStore|Any CPU.Deploy.0 = Release|Any CPU
		{37AF4C23-4BFC-4EC4-9ED0-4EFEF47775CC}.AppStore|ARM.ActiveCfg = Release|Any CPU
		{37AF4C23-4BFC-4EC4-9ED0-4EFEF47775CC}.AppStore|ARM.Build.0 = Release|Any CPU
		{37AF4C23-4BFC-4EC4-9ED0-4EFEF47775CC}.AppStore|ARM.Deploy.0 = Release|Any CPU
		{37AF4C23-4BFC-4EC4-9ED0-4EFEF47775CC}.AppStore|iPhone.ActiveCfg = Release|Any CPU
		{37AF4C23-4BFC-4EC4-9ED0-4EFEF47775CC}.AppStore|iPhone.Build.0 = Release|Any CPU
		{37AF4C23-4BFC-4EC4-9ED0-4EFEF47775CC}.AppStore|iPhone.Deploy.0 = Release|Any CPU
		{37AF4C23-4BFC-4EC4-9ED0-4EFEF47775CC}.AppStore|iPhoneSimulator.ActiveCfg = Release|Any CPU
		{37AF4C23-4BFC-4EC4-9ED0-4EFEF47775CC}.AppStore|iPhoneSimulator.Build.0 = Release|Any CPU
		{37AF4C23-4BFC-4EC4-9ED0-4EFEF47775CC}.AppStore|iPhoneSimulator.Deploy.0 = Release|Any CPU
		{37AF4C23-4BFC-4EC4-9ED0-4EFEF47775CC}.AppStore|x64.ActiveCfg = Release|Any CPU
		{37AF4C23-4BFC-4EC4-9ED0-4EFEF47775CC}.AppStore|x64.Build.0 = Release|Any CPU
		{37AF4C23-4BFC-4EC4-9ED0-4EFEF47775CC}.AppStore|x64.Deploy.0 = Release|Any CPU
		{37AF4C23-4BFC-4EC4-9ED0-4EFEF47775CC}.AppStore|x86.ActiveCfg = Release|Any CPU
		{37AF4C23-4BFC-4EC4-9ED0-4EFEF47775CC}.AppStore|x86.Build.0 = Release|Any CPU
		{37AF4C23-4BFC-4EC4-9ED0-4EFEF47775CC}.AppStore|x86.Deploy.0 = Release|Any CPU
		{37AF4C23-4BFC-4EC4-9ED0-4EFEF47775CC}.Debug|Any CPU.ActiveCfg = Debug|Any CPU
		{37AF4C23-4BFC-4EC4-9ED0-4EFEF47775CC}.Debug|Any CPU.Build.0 = Debug|Any CPU
		{37AF4C23-4BFC-4EC4-9ED0-4EFEF47775CC}.Debug|Any CPU.Deploy.0 = Debug|Any CPU
		{37AF4C23-4BFC-4EC4-9ED0-4EFEF47775CC}.Debug|ARM.ActiveCfg = Debug|Any CPU
		{37AF4C23-4BFC-4EC4-9ED0-4EFEF47775CC}.Debug|ARM.Build.0 = Debug|Any CPU
		{37AF4C23-4BFC-4EC4-9ED0-4EFEF47775CC}.Debug|ARM.Deploy.0 = Debug|Any CPU
		{37AF4C23-4BFC-4EC4-9ED0-4EFEF47775CC}.Debug|iPhone.ActiveCfg = Debug|Any CPU
		{37AF4C23-4BFC-4EC4-9ED0-4EFEF47775CC}.Debug|iPhone.Build.0 = Debug|Any CPU
		{37AF4C23-4BFC-4EC4-9ED0-4EFEF47775CC}.Debug|iPhone.Deploy.0 = Debug|Any CPU
		{37AF4C23-4BFC-4EC4-9ED0-4EFEF47775CC}.Debug|iPhoneSimulator.ActiveCfg = Debug|Any CPU
		{37AF4C23-4BFC-4EC4-9ED0-4EFEF47775CC}.Debug|iPhoneSimulator.Build.0 = Debug|Any CPU
		{37AF4C23-4BFC-4EC4-9ED0-4EFEF47775CC}.Debug|iPhoneSimulator.Deploy.0 = Debug|Any CPU
		{37AF4C23-4BFC-4EC4-9ED0-4EFEF47775CC}.Debug|x64.ActiveCfg = Debug|Any CPU
		{37AF4C23-4BFC-4EC4-9ED0-4EFEF47775CC}.Debug|x64.Build.0 = Debug|Any CPU
		{37AF4C23-4BFC-4EC4-9ED0-4EFEF47775CC}.Debug|x64.Deploy.0 = Debug|Any CPU
		{37AF4C23-4BFC-4EC4-9ED0-4EFEF47775CC}.Debug|x86.ActiveCfg = Debug|Any CPU
		{37AF4C23-4BFC-4EC4-9ED0-4EFEF47775CC}.Debug|x86.Build.0 = Debug|Any CPU
		{37AF4C23-4BFC-4EC4-9ED0-4EFEF47775CC}.Debug|x86.Deploy.0 = Debug|Any CPU
		{37AF4C23-4BFC-4EC4-9ED0-4EFEF47775CC}.Release|Any CPU.ActiveCfg = Release|Any CPU
		{37AF4C23-4BFC-4EC4-9ED0-4EFEF47775CC}.Release|Any CPU.Build.0 = Release|Any CPU
		{37AF4C23-4BFC-4EC4-9ED0-4EFEF47775CC}.Release|Any CPU.Deploy.0 = Release|Any CPU
		{37AF4C23-4BFC-4EC4-9ED0-4EFEF47775CC}.Release|ARM.ActiveCfg = Release|Any CPU
		{37AF4C23-4BFC-4EC4-9ED0-4EFEF47775CC}.Release|ARM.Build.0 = Release|Any CPU
		{37AF4C23-4BFC-4EC4-9ED0-4EFEF47775CC}.Release|ARM.Deploy.0 = Release|Any CPU
		{37AF4C23-4BFC-4EC4-9ED0-4EFEF47775CC}.Release|iPhone.ActiveCfg = Release|Any CPU
		{37AF4C23-4BFC-4EC4-9ED0-4EFEF47775CC}.Release|iPhone.Build.0 = Release|Any CPU
		{37AF4C23-4BFC-4EC4-9ED0-4EFEF47775CC}.Release|iPhone.Deploy.0 = Release|Any CPU
		{37AF4C23-4BFC-4EC4-9ED0-4EFEF47775CC}.Release|iPhoneSimulator.ActiveCfg = Release|Any CPU
		{37AF4C23-4BFC-4EC4-9ED0-4EFEF47775CC}.Release|iPhoneSimulator.Build.0 = Release|Any CPU
		{37AF4C23-4BFC-4EC4-9ED0-4EFEF47775CC}.Release|iPhoneSimulator.Deploy.0 = Release|Any CPU
		{37AF4C23-4BFC-4EC4-9ED0-4EFEF47775CC}.Release|x64.ActiveCfg = Release|Any CPU
		{37AF4C23-4BFC-4EC4-9ED0-4EFEF47775CC}.Release|x64.Build.0 = Release|Any CPU
		{37AF4C23-4BFC-4EC4-9ED0-4EFEF47775CC}.Release|x64.Deploy.0 = Release|Any CPU
		{37AF4C23-4BFC-4EC4-9ED0-4EFEF47775CC}.Release|x86.ActiveCfg = Release|Any CPU
		{37AF4C23-4BFC-4EC4-9ED0-4EFEF47775CC}.Release|x86.Build.0 = Release|Any CPU
		{37AF4C23-4BFC-4EC4-9ED0-4EFEF47775CC}.Release|x86.Deploy.0 = Release|Any CPU
		{5B8F2E76-1D48-4FCA-A741-A499DE6D7185}.Ad-Hoc|Any CPU.ActiveCfg = Ad-Hoc|iPhone
		{5B8F2E76-1D48-4FCA-A741-A499DE6D7185}.Ad-Hoc|Any CPU.Build.0 = Ad-Hoc|iPhone
		{5B8F2E76-1D48-4FCA-A741-A499DE6D7185}.Ad-Hoc|Any CPU.Deploy.0 = Ad-Hoc|iPhone
		{5B8F2E76-1D48-4FCA-A741-A499DE6D7185}.Ad-Hoc|ARM.ActiveCfg = Ad-Hoc|iPhone
		{5B8F2E76-1D48-4FCA-A741-A499DE6D7185}.Ad-Hoc|ARM.Build.0 = Ad-Hoc|iPhone
		{5B8F2E76-1D48-4FCA-A741-A499DE6D7185}.Ad-Hoc|ARM.Deploy.0 = Ad-Hoc|iPhone
		{5B8F2E76-1D48-4FCA-A741-A499DE6D7185}.Ad-Hoc|iPhone.ActiveCfg = Ad-Hoc|iPhone
		{5B8F2E76-1D48-4FCA-A741-A499DE6D7185}.Ad-Hoc|iPhone.Build.0 = Ad-Hoc|iPhone
		{5B8F2E76-1D48-4FCA-A741-A499DE6D7185}.Ad-Hoc|iPhone.Deploy.0 = Ad-Hoc|iPhone
		{5B8F2E76-1D48-4FCA-A741-A499DE6D7185}.Ad-Hoc|iPhoneSimulator.ActiveCfg = Ad-Hoc|iPhoneSimulator
		{5B8F2E76-1D48-4FCA-A741-A499DE6D7185}.Ad-Hoc|iPhoneSimulator.Build.0 = Ad-Hoc|iPhoneSimulator
		{5B8F2E76-1D48-4FCA-A741-A499DE6D7185}.Ad-Hoc|iPhoneSimulator.Deploy.0 = Ad-Hoc|iPhoneSimulator
		{5B8F2E76-1D48-4FCA-A741-A499DE6D7185}.Ad-Hoc|x64.ActiveCfg = Ad-Hoc|iPhone
		{5B8F2E76-1D48-4FCA-A741-A499DE6D7185}.Ad-Hoc|x64.Build.0 = Ad-Hoc|iPhone
		{5B8F2E76-1D48-4FCA-A741-A499DE6D7185}.Ad-Hoc|x64.Deploy.0 = Ad-Hoc|iPhone
		{5B8F2E76-1D48-4FCA-A741-A499DE6D7185}.Ad-Hoc|x86.ActiveCfg = Ad-Hoc|iPhone
		{5B8F2E76-1D48-4FCA-A741-A499DE6D7185}.Ad-Hoc|x86.Build.0 = Ad-Hoc|iPhone
		{5B8F2E76-1D48-4FCA-A741-A499DE6D7185}.Ad-Hoc|x86.Deploy.0 = Ad-Hoc|iPhone
		{5B8F2E76-1D48-4FCA-A741-A499DE6D7185}.AppStore|Any CPU.ActiveCfg = AppStore|iPhone
		{5B8F2E76-1D48-4FCA-A741-A499DE6D7185}.AppStore|Any CPU.Build.0 = AppStore|iPhone
		{5B8F2E76-1D48-4FCA-A741-A499DE6D7185}.AppStore|Any CPU.Deploy.0 = AppStore|iPhone
		{5B8F2E76-1D48-4FCA-A741-A499DE6D7185}.AppStore|ARM.ActiveCfg = AppStore|iPhone
		{5B8F2E76-1D48-4FCA-A741-A499DE6D7185}.AppStore|ARM.Build.0 = AppStore|iPhone
		{5B8F2E76-1D48-4FCA-A741-A499DE6D7185}.AppStore|ARM.Deploy.0 = AppStore|iPhone
		{5B8F2E76-1D48-4FCA-A741-A499DE6D7185}.AppStore|iPhone.ActiveCfg = AppStore|iPhone
		{5B8F2E76-1D48-4FCA-A741-A499DE6D7185}.AppStore|iPhone.Build.0 = AppStore|iPhone
		{5B8F2E76-1D48-4FCA-A741-A499DE6D7185}.AppStore|iPhone.Deploy.0 = AppStore|iPhone
		{5B8F2E76-1D48-4FCA-A741-A499DE6D7185}.AppStore|iPhoneSimulator.ActiveCfg = AppStore|iPhoneSimulator
		{5B8F2E76-1D48-4FCA-A741-A499DE6D7185}.AppStore|iPhoneSimulator.Build.0 = AppStore|iPhoneSimulator
		{5B8F2E76-1D48-4FCA-A741-A499DE6D7185}.AppStore|iPhoneSimulator.Deploy.0 = AppStore|iPhoneSimulator
		{5B8F2E76-1D48-4FCA-A741-A499DE6D7185}.AppStore|x64.ActiveCfg = AppStore|iPhone
		{5B8F2E76-1D48-4FCA-A741-A499DE6D7185}.AppStore|x64.Build.0 = AppStore|iPhone
		{5B8F2E76-1D48-4FCA-A741-A499DE6D7185}.AppStore|x64.Deploy.0 = AppStore|iPhone
		{5B8F2E76-1D48-4FCA-A741-A499DE6D7185}.AppStore|x86.ActiveCfg = AppStore|iPhone
		{5B8F2E76-1D48-4FCA-A741-A499DE6D7185}.AppStore|x86.Build.0 = AppStore|iPhone
		{5B8F2E76-1D48-4FCA-A741-A499DE6D7185}.AppStore|x86.Deploy.0 = AppStore|iPhone
		{5B8F2E76-1D48-4FCA-A741-A499DE6D7185}.Debug|Any CPU.ActiveCfg = Debug|iPhoneSimulator
		{5B8F2E76-1D48-4FCA-A741-A499DE6D7185}.Debug|Any CPU.Build.0 = Debug|iPhoneSimulator
		{5B8F2E76-1D48-4FCA-A741-A499DE6D7185}.Debug|Any CPU.Deploy.0 = Debug|iPhoneSimulator
		{5B8F2E76-1D48-4FCA-A741-A499DE6D7185}.Debug|ARM.ActiveCfg = Debug|iPhone
		{5B8F2E76-1D48-4FCA-A741-A499DE6D7185}.Debug|ARM.Build.0 = Debug|iPhone
		{5B8F2E76-1D48-4FCA-A741-A499DE6D7185}.Debug|ARM.Deploy.0 = Debug|iPhone
		{5B8F2E76-1D48-4FCA-A741-A499DE6D7185}.Debug|iPhone.ActiveCfg = Debug|iPhone
		{5B8F2E76-1D48-4FCA-A741-A499DE6D7185}.Debug|iPhone.Build.0 = Debug|iPhone
		{5B8F2E76-1D48-4FCA-A741-A499DE6D7185}.Debug|iPhone.Deploy.0 = Debug|iPhone
		{5B8F2E76-1D48-4FCA-A741-A499DE6D7185}.Debug|iPhoneSimulator.ActiveCfg = Debug|iPhoneSimulator
		{5B8F2E76-1D48-4FCA-A741-A499DE6D7185}.Debug|iPhoneSimulator.Build.0 = Debug|iPhoneSimulator
		{5B8F2E76-1D48-4FCA-A741-A499DE6D7185}.Debug|iPhoneSimulator.Deploy.0 = Debug|iPhoneSimulator
		{5B8F2E76-1D48-4FCA-A741-A499DE6D7185}.Debug|x64.ActiveCfg = Debug|iPhone
		{5B8F2E76-1D48-4FCA-A741-A499DE6D7185}.Debug|x64.Build.0 = Debug|iPhone
		{5B8F2E76-1D48-4FCA-A741-A499DE6D7185}.Debug|x64.Deploy.0 = Debug|iPhone
		{5B8F2E76-1D48-4FCA-A741-A499DE6D7185}.Debug|x86.ActiveCfg = Debug|iPhone
		{5B8F2E76-1D48-4FCA-A741-A499DE6D7185}.Debug|x86.Build.0 = Debug|iPhone
		{5B8F2E76-1D48-4FCA-A741-A499DE6D7185}.Debug|x86.Deploy.0 = Debug|iPhone
		{5B8F2E76-1D48-4FCA-A741-A499DE6D7185}.Release|Any CPU.ActiveCfg = Release|iPhone
		{5B8F2E76-1D48-4FCA-A741-A499DE6D7185}.Release|Any CPU.Build.0 = Release|iPhone
		{5B8F2E76-1D48-4FCA-A741-A499DE6D7185}.Release|Any CPU.Deploy.0 = Release|iPhone
		{5B8F2E76-1D48-4FCA-A741-A499DE6D7185}.Release|ARM.ActiveCfg = Release|iPhone
		{5B8F2E76-1D48-4FCA-A741-A499DE6D7185}.Release|ARM.Build.0 = Release|iPhone
		{5B8F2E76-1D48-4FCA-A741-A499DE6D7185}.Release|ARM.Deploy.0 = Release|iPhone
		{5B8F2E76-1D48-4FCA-A741-A499DE6D7185}.Release|iPhone.ActiveCfg = Release|iPhone
		{5B8F2E76-1D48-4FCA-A741-A499DE6D7185}.Release|iPhone.Build.0 = Release|iPhone
		{5B8F2E76-1D48-4FCA-A741-A499DE6D7185}.Release|iPhone.Deploy.0 = Release|iPhone
		{5B8F2E76-1D48-4FCA-A741-A499DE6D7185}.Release|iPhoneSimulator.ActiveCfg = Release|iPhoneSimulator
		{5B8F2E76-1D48-4FCA-A741-A499DE6D7185}.Release|iPhoneSimulator.Build.0 = Release|iPhoneSimulator
		{5B8F2E76-1D48-4FCA-A741-A499DE6D7185}.Release|iPhoneSimulator.Deploy.0 = Release|iPhoneSimulator
		{5B8F2E76-1D48-4FCA-A741-A499DE6D7185}.Release|x64.ActiveCfg = Release|iPhone
		{5B8F2E76-1D48-4FCA-A741-A499DE6D7185}.Release|x64.Build.0 = Release|iPhone
		{5B8F2E76-1D48-4FCA-A741-A499DE6D7185}.Release|x64.Deploy.0 = Release|iPhone
		{5B8F2E76-1D48-4FCA-A741-A499DE6D7185}.Release|x86.ActiveCfg = Release|iPhone
		{5B8F2E76-1D48-4FCA-A741-A499DE6D7185}.Release|x86.Build.0 = Release|iPhone
		{5B8F2E76-1D48-4FCA-A741-A499DE6D7185}.Release|x86.Deploy.0 = Release|iPhone
		{AA2F5A46-5797-4C42-9F29-98D93F894336}.Ad-Hoc|Any CPU.ActiveCfg = Release|x86
		{AA2F5A46-5797-4C42-9F29-98D93F894336}.Ad-Hoc|Any CPU.Build.0 = Release|x86
		{AA2F5A46-5797-4C42-9F29-98D93F894336}.Ad-Hoc|Any CPU.Deploy.0 = Release|x86
		{AA2F5A46-5797-4C42-9F29-98D93F894336}.Ad-Hoc|ARM.ActiveCfg = Release|ARM
		{AA2F5A46-5797-4C42-9F29-98D93F894336}.Ad-Hoc|ARM.Build.0 = Release|ARM
		{AA2F5A46-5797-4C42-9F29-98D93F894336}.Ad-Hoc|ARM.Deploy.0 = Release|ARM
		{AA2F5A46-5797-4C42-9F29-98D93F894336}.Ad-Hoc|iPhone.ActiveCfg = Release|x86
		{AA2F5A46-5797-4C42-9F29-98D93F894336}.Ad-Hoc|iPhone.Build.0 = Release|x86
		{AA2F5A46-5797-4C42-9F29-98D93F894336}.Ad-Hoc|iPhone.Deploy.0 = Release|x86
		{AA2F5A46-5797-4C42-9F29-98D93F894336}.Ad-Hoc|iPhoneSimulator.ActiveCfg = Release|x86
		{AA2F5A46-5797-4C42-9F29-98D93F894336}.Ad-Hoc|iPhoneSimulator.Build.0 = Release|x86
		{AA2F5A46-5797-4C42-9F29-98D93F894336}.Ad-Hoc|iPhoneSimulator.Deploy.0 = Release|x86
		{AA2F5A46-5797-4C42-9F29-98D93F894336}.Ad-Hoc|x64.ActiveCfg = Release|x64
		{AA2F5A46-5797-4C42-9F29-98D93F894336}.Ad-Hoc|x64.Build.0 = Release|x64
		{AA2F5A46-5797-4C42-9F29-98D93F894336}.Ad-Hoc|x64.Deploy.0 = Release|x64
		{AA2F5A46-5797-4C42-9F29-98D93F894336}.Ad-Hoc|x86.ActiveCfg = Release|x86
		{AA2F5A46-5797-4C42-9F29-98D93F894336}.Ad-Hoc|x86.Build.0 = Release|x86
		{AA2F5A46-5797-4C42-9F29-98D93F894336}.Ad-Hoc|x86.Deploy.0 = Release|x86
		{AA2F5A46-5797-4C42-9F29-98D93F894336}.AppStore|Any CPU.ActiveCfg = Release|x86
		{AA2F5A46-5797-4C42-9F29-98D93F894336}.AppStore|Any CPU.Build.0 = Release|x86
		{AA2F5A46-5797-4C42-9F29-98D93F894336}.AppStore|Any CPU.Deploy.0 = Release|x86
		{AA2F5A46-5797-4C42-9F29-98D93F894336}.AppStore|ARM.ActiveCfg = Release|ARM
		{AA2F5A46-5797-4C42-9F29-98D93F894336}.AppStore|ARM.Build.0 = Release|ARM
		{AA2F5A46-5797-4C42-9F29-98D93F894336}.AppStore|ARM.Deploy.0 = Release|ARM
		{AA2F5A46-5797-4C42-9F29-98D93F894336}.AppStore|iPhone.ActiveCfg = Release|x86
		{AA2F5A46-5797-4C42-9F29-98D93F894336}.AppStore|iPhone.Build.0 = Release|x86
		{AA2F5A46-5797-4C42-9F29-98D93F894336}.AppStore|iPhone.Deploy.0 = Release|x86
		{AA2F5A46-5797-4C42-9F29-98D93F894336}.AppStore|iPhoneSimulator.ActiveCfg = Release|x86
		{AA2F5A46-5797-4C42-9F29-98D93F894336}.AppStore|iPhoneSimulator.Build.0 = Release|x86
		{AA2F5A46-5797-4C42-9F29-98D93F894336}.AppStore|iPhoneSimulator.Deploy.0 = Release|x86
		{AA2F5A46-5797-4C42-9F29-98D93F894336}.AppStore|x64.ActiveCfg = Release|x64
		{AA2F5A46-5797-4C42-9F29-98D93F894336}.AppStore|x64.Build.0 = Release|x64
		{AA2F5A46-5797-4C42-9F29-98D93F894336}.AppStore|x64.Deploy.0 = Release|x64
		{AA2F5A46-5797-4C42-9F29-98D93F894336}.AppStore|x86.ActiveCfg = Release|x86
		{AA2F5A46-5797-4C42-9F29-98D93F894336}.AppStore|x86.Build.0 = Release|x86
		{AA2F5A46-5797-4C42-9F29-98D93F894336}.AppStore|x86.Deploy.0 = Release|x86
		{AA2F5A46-5797-4C42-9F29-98D93F894336}.Debug|Any CPU.ActiveCfg = Debug|x86
		{AA2F5A46-5797-4C42-9F29-98D93F894336}.Debug|Any CPU.Build.0 = Debug|x86
		{AA2F5A46-5797-4C42-9F29-98D93F894336}.Debug|Any CPU.Deploy.0 = Debug|x86
		{AA2F5A46-5797-4C42-9F29-98D93F894336}.Debug|ARM.ActiveCfg = Debug|ARM
		{AA2F5A46-5797-4C42-9F29-98D93F894336}.Debug|ARM.Build.0 = Debug|ARM
		{AA2F5A46-5797-4C42-9F29-98D93F894336}.Debug|ARM.Deploy.0 = Debug|ARM
		{AA2F5A46-5797-4C42-9F29-98D93F894336}.Debug|iPhone.ActiveCfg = Debug|x86
		{AA2F5A46-5797-4C42-9F29-98D93F894336}.Debug|iPhone.Build.0 = Debug|x86
		{AA2F5A46-5797-4C42-9F29-98D93F894336}.Debug|iPhone.Deploy.0 = Debug|x86
		{AA2F5A46-5797-4C42-9F29-98D93F894336}.Debug|iPhoneSimulator.ActiveCfg = Debug|x86
		{AA2F5A46-5797-4C42-9F29-98D93F894336}.Debug|iPhoneSimulator.Build.0 = Debug|x86
		{AA2F5A46-5797-4C42-9F29-98D93F894336}.Debug|iPhoneSimulator.Deploy.0 = Debug|x86
		{AA2F5A46-5797-4C42-9F29-98D93F894336}.Debug|x64.ActiveCfg = Debug|x64
		{AA2F5A46-5797-4C42-9F29-98D93F894336}.Debug|x64.Build.0 = Debug|x64
		{AA2F5A46-5797-4C42-9F29-98D93F894336}.Debug|x64.Deploy.0 = Debug|x64
		{AA2F5A46-5797-4C42-9F29-98D93F894336}.Debug|x86.ActiveCfg = Debug|x86
		{AA2F5A46-5797-4C42-9F29-98D93F894336}.Debug|x86.Build.0 = Debug|x86
		{AA2F5A46-5797-4C42-9F29-98D93F894336}.Debug|x86.Deploy.0 = Debug|x86
		{AA2F5A46-5797-4C42-9F29-98D93F894336}.Release|Any CPU.ActiveCfg = Release|x86
		{AA2F5A46-5797-4C42-9F29-98D93F894336}.Release|Any CPU.Build.0 = Release|x86
		{AA2F5A46-5797-4C42-9F29-98D93F894336}.Release|Any CPU.Deploy.0 = Release|x86
		{AA2F5A46-5797-4C42-9F29-98D93F894336}.Release|ARM.ActiveCfg = Release|ARM
		{AA2F5A46-5797-4C42-9F29-98D93F894336}.Release|ARM.Build.0 = Release|ARM
		{AA2F5A46-5797-4C42-9F29-98D93F894336}.Release|ARM.Deploy.0 = Release|ARM
		{AA2F5A46-5797-4C42-9F29-98D93F894336}.Release|iPhone.ActiveCfg = Release|x86
		{AA2F5A46-5797-4C42-9F29-98D93F894336}.Release|iPhone.Build.0 = Release|x86
		{AA2F5A46-5797-4C42-9F29-98D93F894336}.Release|iPhone.Deploy.0 = Release|x86
		{AA2F5A46-5797-4C42-9F29-98D93F894336}.Release|iPhoneSimulator.ActiveCfg = Release|x86
		{AA2F5A46-5797-4C42-9F29-98D93F894336}.Release|iPhoneSimulator.Build.0 = Release|x86
		{AA2F5A46-5797-4C42-9F29-98D93F894336}.Release|iPhoneSimulator.Deploy.0 = Release|x86
		{AA2F5A46-5797-4C42-9F29-98D93F894336}.Release|x64.ActiveCfg = Release|x64
		{AA2F5A46-5797-4C42-9F29-98D93F894336}.Release|x64.Build.0 = Release|x64
		{AA2F5A46-5797-4C42-9F29-98D93F894336}.Release|x64.Deploy.0 = Release|x64
		{AA2F5A46-5797-4C42-9F29-98D93F894336}.Release|x86.ActiveCfg = Release|x86
		{AA2F5A46-5797-4C42-9F29-98D93F894336}.Release|x86.Build.0 = Release|x86
		{AA2F5A46-5797-4C42-9F29-98D93F894336}.Release|x86.Deploy.0 = Release|x86
		{0A93B793-A862-4A41-A1F1-A12514813D61}.Ad-Hoc|Any CPU.ActiveCfg = Debug|Any CPU
		{0A93B793-A862-4A41-A1F1-A12514813D61}.Ad-Hoc|Any CPU.Build.0 = Debug|Any CPU
		{0A93B793-A862-4A41-A1F1-A12514813D61}.Ad-Hoc|Any CPU.Deploy.0 = Debug|Any CPU
		{0A93B793-A862-4A41-A1F1-A12514813D61}.Ad-Hoc|ARM.ActiveCfg = Debug|Any CPU
		{0A93B793-A862-4A41-A1F1-A12514813D61}.Ad-Hoc|ARM.Build.0 = Debug|Any CPU
		{0A93B793-A862-4A41-A1F1-A12514813D61}.Ad-Hoc|ARM.Deploy.0 = Debug|Any CPU
		{0A93B793-A862-4A41-A1F1-A12514813D61}.Ad-Hoc|iPhone.ActiveCfg = Debug|Any CPU
		{0A93B793-A862-4A41-A1F1-A12514813D61}.Ad-Hoc|iPhone.Build.0 = Debug|Any CPU
		{0A93B793-A862-4A41-A1F1-A12514813D61}.Ad-Hoc|iPhone.Deploy.0 = Debug|Any CPU
		{0A93B793-A862-4A41-A1F1-A12514813D61}.Ad-Hoc|iPhoneSimulator.ActiveCfg = Debug|Any CPU
		{0A93B793-A862-4A41-A1F1-A12514813D61}.Ad-Hoc|iPhoneSimulator.Build.0 = Debug|Any CPU
		{0A93B793-A862-4A41-A1F1-A12514813D61}.Ad-Hoc|iPhoneSimulator.Deploy.0 = Debug|Any CPU
		{0A93B793-A862-4A41-A1F1-A12514813D61}.Ad-Hoc|x64.ActiveCfg = Debug|Any CPU
		{0A93B793-A862-4A41-A1F1-A12514813D61}.Ad-Hoc|x64.Build.0 = Debug|Any CPU
		{0A93B793-A862-4A41-A1F1-A12514813D61}.Ad-Hoc|x64.Deploy.0 = Debug|Any CPU
		{0A93B793-A862-4A41-A1F1-A12514813D61}.Ad-Hoc|x86.ActiveCfg = Debug|Any CPU
		{0A93B793-A862-4A41-A1F1-A12514813D61}.Ad-Hoc|x86.Build.0 = Debug|Any CPU
		{0A93B793-A862-4A41-A1F1-A12514813D61}.Ad-Hoc|x86.Deploy.0 = Debug|Any CPU
		{0A93B793-A862-4A41-A1F1-A12514813D61}.AppStore|Any CPU.ActiveCfg = Debug|Any CPU
		{0A93B793-A862-4A41-A1F1-A12514813D61}.AppStore|Any CPU.Build.0 = Debug|Any CPU
		{0A93B793-A862-4A41-A1F1-A12514813D61}.AppStore|Any CPU.Deploy.0 = Debug|Any CPU
		{0A93B793-A862-4A41-A1F1-A12514813D61}.AppStore|ARM.ActiveCfg = Debug|Any CPU
		{0A93B793-A862-4A41-A1F1-A12514813D61}.AppStore|ARM.Build.0 = Debug|Any CPU
		{0A93B793-A862-4A41-A1F1-A12514813D61}.AppStore|ARM.Deploy.0 = Debug|Any CPU
		{0A93B793-A862-4A41-A1F1-A12514813D61}.AppStore|iPhone.ActiveCfg = Debug|Any CPU
		{0A93B793-A862-4A41-A1F1-A12514813D61}.AppStore|iPhone.Build.0 = Debug|Any CPU
		{0A93B793-A862-4A41-A1F1-A12514813D61}.AppStore|iPhone.Deploy.0 = Debug|Any CPU
		{0A93B793-A862-4A41-A1F1-A12514813D61}.AppStore|iPhoneSimulator.ActiveCfg = Debug|Any CPU
		{0A93B793-A862-4A41-A1F1-A12514813D61}.AppStore|iPhoneSimulator.Build.0 = Debug|Any CPU
		{0A93B793-A862-4A41-A1F1-A12514813D61}.AppStore|iPhoneSimulator.Deploy.0 = Debug|Any CPU
		{0A93B793-A862-4A41-A1F1-A12514813D61}.AppStore|x64.ActiveCfg = Debug|Any CPU
		{0A93B793-A862-4A41-A1F1-A12514813D61}.AppStore|x64.Build.0 = Debug|Any CPU
		{0A93B793-A862-4A41-A1F1-A12514813D61}.AppStore|x64.Deploy.0 = Debug|Any CPU
		{0A93B793-A862-4A41-A1F1-A12514813D61}.AppStore|x86.ActiveCfg = Debug|Any CPU
		{0A93B793-A862-4A41-A1F1-A12514813D61}.AppStore|x86.Build.0 = Debug|Any CPU
		{0A93B793-A862-4A41-A1F1-A12514813D61}.AppStore|x86.Deploy.0 = Debug|Any CPU
		{0A93B793-A862-4A41-A1F1-A12514813D61}.Debug|Any CPU.ActiveCfg = Debug|Any CPU
		{0A93B793-A862-4A41-A1F1-A12514813D61}.Debug|Any CPU.Build.0 = Debug|Any CPU
		{0A93B793-A862-4A41-A1F1-A12514813D61}.Debug|Any CPU.Deploy.0 = Debug|Any CPU
		{0A93B793-A862-4A41-A1F1-A12514813D61}.Debug|ARM.ActiveCfg = Debug|Any CPU
		{0A93B793-A862-4A41-A1F1-A12514813D61}.Debug|ARM.Build.0 = Debug|Any CPU
		{0A93B793-A862-4A41-A1F1-A12514813D61}.Debug|ARM.Deploy.0 = Debug|Any CPU
		{0A93B793-A862-4A41-A1F1-A12514813D61}.Debug|iPhone.ActiveCfg = Debug|Any CPU
		{0A93B793-A862-4A41-A1F1-A12514813D61}.Debug|iPhone.Build.0 = Debug|Any CPU
		{0A93B793-A862-4A41-A1F1-A12514813D61}.Debug|iPhone.Deploy.0 = Debug|Any CPU
		{0A93B793-A862-4A41-A1F1-A12514813D61}.Debug|iPhoneSimulator.ActiveCfg = Debug|Any CPU
		{0A93B793-A862-4A41-A1F1-A12514813D61}.Debug|iPhoneSimulator.Build.0 = Debug|Any CPU
		{0A93B793-A862-4A41-A1F1-A12514813D61}.Debug|iPhoneSimulator.Deploy.0 = Debug|Any CPU
		{0A93B793-A862-4A41-A1F1-A12514813D61}.Debug|x64.ActiveCfg = Debug|Any CPU
		{0A93B793-A862-4A41-A1F1-A12514813D61}.Debug|x64.Build.0 = Debug|Any CPU
		{0A93B793-A862-4A41-A1F1-A12514813D61}.Debug|x64.Deploy.0 = Debug|Any CPU
		{0A93B793-A862-4A41-A1F1-A12514813D61}.Debug|x86.ActiveCfg = Debug|Any CPU
		{0A93B793-A862-4A41-A1F1-A12514813D61}.Debug|x86.Build.0 = Debug|Any CPU
		{0A93B793-A862-4A41-A1F1-A12514813D61}.Debug|x86.Deploy.0 = Debug|Any CPU
		{0A93B793-A862-4A41-A1F1-A12514813D61}.Release|Any CPU.ActiveCfg = Release|Any CPU
		{0A93B793-A862-4A41-A1F1-A12514813D61}.Release|Any CPU.Build.0 = Release|Any CPU
		{0A93B793-A862-4A41-A1F1-A12514813D61}.Release|Any CPU.Deploy.0 = Release|Any CPU
		{0A93B793-A862-4A41-A1F1-A12514813D61}.Release|ARM.ActiveCfg = Release|Any CPU
		{0A93B793-A862-4A41-A1F1-A12514813D61}.Release|ARM.Build.0 = Release|Any CPU
		{0A93B793-A862-4A41-A1F1-A12514813D61}.Release|ARM.Deploy.0 = Release|Any CPU
		{0A93B793-A862-4A41-A1F1-A12514813D61}.Release|iPhone.ActiveCfg = Release|Any CPU
		{0A93B793-A862-4A41-A1F1-A12514813D61}.Release|iPhone.Build.0 = Release|Any CPU
		{0A93B793-A862-4A41-A1F1-A12514813D61}.Release|iPhone.Deploy.0 = Release|Any CPU
		{0A93B793-A862-4A41-A1F1-A12514813D61}.Release|iPhoneSimulator.ActiveCfg = Release|Any CPU
		{0A93B793-A862-4A41-A1F1-A12514813D61}.Release|iPhoneSimulator.Build.0 = Release|Any CPU
		{0A93B793-A862-4A41-A1F1-A12514813D61}.Release|iPhoneSimulator.Deploy.0 = Release|Any CPU
		{0A93B793-A862-4A41-A1F1-A12514813D61}.Release|x64.ActiveCfg = Release|Any CPU
		{0A93B793-A862-4A41-A1F1-A12514813D61}.Release|x64.Build.0 = Release|Any CPU
		{0A93B793-A862-4A41-A1F1-A12514813D61}.Release|x64.Deploy.0 = Release|Any CPU
		{0A93B793-A862-4A41-A1F1-A12514813D61}.Release|x86.ActiveCfg = Release|Any CPU
		{0A93B793-A862-4A41-A1F1-A12514813D61}.Release|x86.Build.0 = Release|Any CPU
		{0A93B793-A862-4A41-A1F1-A12514813D61}.Release|x86.Deploy.0 = Release|Any CPU
	EndGlobalSection
	GlobalSection(SolutionProperties) = preSolution
		HideSolutionNode = FALSE
	EndGlobalSection
	GlobalSection(ExtensibilityGlobals) = postSolution
		SolutionGuid = {4A5F31E8-F6EE-47F1-B991-81C166685E3E}
	EndGlobalSection
EndGlobal
